Microsoft Visual Studio Solution File, Format Version 10.00
# Visual Studio 2008
Project("{8BC9CEB8-8B4A-11D0-8D11-00A0C91BC942}") = "test_bind", "tests\test_bind\test_bind.vcproj", "{7D0D2CF8-5B22-4F9E-BD38-63083A2CF662}"
	ProjectSection(ProjectDependencies) = postProject
		{83997EF6-02D6-4CDB-8B3C-DBCA3018CC72} = {83997EF6-02D6-4CDB-8B3C-DBCA3018CC72}
	EndProjectSection
EndProject
Project("{8BC9CEB8-8B4A-11D0-8D11-00A0C91BC942}") = "test_bind_return", "tests\test_bind_return\test_bind_return.vcproj", "{EBA06A10-13EA-46D1-8B7F-C3D5308A47F9}"
	ProjectSection(ProjectDependencies) = postProject
		{83997EF6-02D6-4CDB-8B3C-DBCA3018CC72} = {83997EF6-02D6-4CDB-8B3C-DBCA3018CC72}
	EndProjectSection
EndProject
Project("{8BC9CEB8-8B4A-11D0-8D11-00A0C91BC942}") = "test_compose", "tests\test_compose\test_compose.vcproj", "{45536B15-5178-4F81-B80C-8287B963F9D9}"
	ProjectSection(ProjectDependencies) = postProject
		{83997EF6-02D6-4CDB-8B3C-DBCA3018CC72} = {83997EF6-02D6-4CDB-8B3C-DBCA3018CC72}
	EndProjectSection
EndProject
Project("{8BC9CEB8-8B4A-11D0-8D11-00A0C91BC942}") = "test_deduce_result_type", "tests\test_deduce_result_type\test_deduce_result_type.vcproj", "{474ACE1B-A818-4947-911C-B298CD7F6FBD}"
	ProjectSection(ProjectDependencies) = postProject
		{83997EF6-02D6-4CDB-8B3C-DBCA3018CC72} = {83997EF6-02D6-4CDB-8B3C-DBCA3018CC72}
	EndProjectSection
EndProject
Project("{8BC9CEB8-8B4A-11D0-8D11-00A0C91BC942}") = "test_disconnect", "tests\test_disconnect\test_disconnect.vcproj", "{5CCF0167-D23D-45B9-BCDA-F0B912470126}"
	ProjectSection(ProjectDependencies) = postProject
		{83997EF6-02D6-4CDB-8B3C-DBCA3018CC72} = {83997EF6-02D6-4CDB-8B3C-DBCA3018CC72}
	EndProjectSection
EndProject
Project("{8BC9CEB8-8B4A-11D0-8D11-00A0C91BC942}") = "test_exception_catch", "tests\test_exception_catch\test_exception_catch.vcproj", "{5C976C38-2A50-49E9-B381-6952E683FBED}"
	ProjectSection(ProjectDependencies) = postProject
		{83997EF6-02D6-4CDB-8B3C-DBCA3018CC72} = {83997EF6-02D6-4CDB-8B3C-DBCA3018CC72}
	EndProjectSection
EndProject
Project("{8BC9CEB8-8B4A-11D0-8D11-00A0C91BC942}") = "test_functor_trait", "tests\test_functor_trait\test_functor_trait.vcproj", "{F130A6B6-5E0A-4560-AE4A-E281DC538AC9}"
	ProjectSection(ProjectDependencies) = postProject
		{83997EF6-02D6-4CDB-8B3C-DBCA3018CC72} = {83997EF6-02D6-4CDB-8B3C-DBCA3018CC72}
	EndProjectSection
EndProject
Project("{8BC9CEB8-8B4A-11D0-8D11-00A0C91BC942}") = "test_hide", "tests\test_hide\test_hide.vcproj", "{64BDAD0B-0D0B-42D0-940E-3BCDA783C880}"
	ProjectSection(ProjectDependencies) = postProject
		{83997EF6-02D6-4CDB-8B3C-DBCA3018CC72} = {83997EF6-02D6-4CDB-8B3C-DBCA3018CC72}
	EndProjectSection
EndProject
Project("{8BC9CEB8-8B4A-11D0-8D11-00A0C91BC942}") = "test_mem_fun", "tests\test_mem_fun\test_mem_fun.vcproj", "{66CED940-0111-4196-B921-27B146643F44}"
	ProjectSection(ProjectDependencies) = postProject
		{83997EF6-02D6-4CDB-8B3C-DBCA3018CC72} = {83997EF6-02D6-4CDB-8B3C-DBCA3018CC72}
	EndProjectSection
EndProject
Project("{8BC9CEB8-8B4A-11D0-8D11-00A0C91BC942}") = "test_ptr_fun", "tests\test_ptr_fun\test_ptr_fun.vcproj", "{8B6734FD-DCB8-43E3-B507-A2B9127DD055}"
	ProjectSection(ProjectDependencies) = postProject
		{83997EF6-02D6-4CDB-8B3C-DBCA3018CC72} = {83997EF6-02D6-4CDB-8B3C-DBCA3018CC72}
	EndProjectSection
EndProject
Project("{8BC9CEB8-8B4A-11D0-8D11-00A0C91BC942}") = "test_retype_return", "tests\test_retype_return\test_retype_return.vcproj", "{D5835BCA-D0F1-45FF-81B6-147B9FC75123}"
	ProjectSection(ProjectDependencies) = postProject
		{83997EF6-02D6-4CDB-8B3C-DBCA3018CC72} = {83997EF6-02D6-4CDB-8B3C-DBCA3018CC72}
	EndProjectSection
EndProject
Project("{8BC9CEB8-8B4A-11D0-8D11-00A0C91BC942}") = "test_signal", "tests\test_signal\test_signal.vcproj", "{11AA4900-467B-4F60-BC36-BB1EB6F91EC0}"
	ProjectSection(ProjectDependencies) = postProject
		{83997EF6-02D6-4CDB-8B3C-DBCA3018CC72} = {83997EF6-02D6-4CDB-8B3C-DBCA3018CC72}
	EndProjectSection
EndProject
Project("{8BC9CEB8-8B4A-11D0-8D11-00A0C91BC942}") = "test_size", "tests\test_size\test_size.vcproj", "{93940E33-A1DE-4354-AF7A-995916693849}"
	ProjectSection(ProjectDependencies) = postProject
		{83997EF6-02D6-4CDB-8B3C-DBCA3018CC72} = {83997EF6-02D6-4CDB-8B3C-DBCA3018CC72}
	EndProjectSection
EndProject
Project("{8BC9CEB8-8B4A-11D0-8D11-00A0C91BC942}") = "test_slot", "tests\test_slot\test_slot.vcproj", "{498094C5-7A52-4EDA-8870-FF1F4D22CE62}"
	ProjectSection(ProjectDependencies) = postProject
		{83997EF6-02D6-4CDB-8B3C-DBCA3018CC72} = {83997EF6-02D6-4CDB-8B3C-DBCA3018CC72}
	EndProjectSection
EndProject
Project("{8BC9CEB8-8B4A-11D0-8D11-00A0C91BC942}") = "test_trackable", "tests\test_trackable\test_trackable.vcproj", "{3FAD81D2-0F42-4444-9BD6-9ADF10EBD38E}"
	ProjectSection(ProjectDependencies) = postProject
		{83997EF6-02D6-4CDB-8B3C-DBCA3018CC72} = {83997EF6-02D6-4CDB-8B3C-DBCA3018CC72}
	EndProjectSection
EndProject
Project("{8BC9CEB8-8B4A-11D0-8D11-00A0C91BC942}") = "test_retype", "tests\test_retype\test_retype.vcproj", "{5329DFD2-DAFB-4AED-BC1F-09393ACF8EAD}"
	ProjectSection(ProjectDependencies) = postProject
		{83997EF6-02D6-4CDB-8B3C-DBCA3018CC72} = {83997EF6-02D6-4CDB-8B3C-DBCA3018CC72}
	EndProjectSection
EndProject
Project("{8BC9CEB8-8B4A-11D0-8D11-00A0C91BC942}") = "test_disconnect_during_emit", "tests\test_disconnect_during_emit\test_disconnect_during_emit.vcproj", "{874C2D1E-CCAB-4F68-8581-CB1B67D71587}"
	ProjectSection(ProjectDependencies) = postProject
		{83997EF6-02D6-4CDB-8B3C-DBCA3018CC72} = {83997EF6-02D6-4CDB-8B3C-DBCA3018CC72}
	EndProjectSection
EndProject
Project("{8BC9CEB8-8B4A-11D0-8D11-00A0C91BC942}") = "libsigc++", "libsigc++2.vcproj", "{83997EF6-02D6-4CDB-8B3C-DBCA3018CC72}"
EndProject
Global
	GlobalSection(SolutionConfigurationPlatforms) = preSolution
		Debug|Win32 = Debug|Win32
		Release|Win32 = Release|Win32
	EndGlobalSection
	GlobalSection(ProjectConfigurationPlatforms) = postSolution
		{7D0D2CF8-5B22-4F9E-BD38-63083A2CF662}.Debug|Win32.ActiveCfg = Debug|Win32
		{7D0D2CF8-5B22-4F9E-BD38-63083A2CF662}.Debug|Win32.Build.0 = Debug|Win32
		{7D0D2CF8-5B22-4F9E-BD38-63083A2CF662}.Release|Win32.ActiveCfg = Release|Win32
		{7D0D2CF8-5B22-4F9E-BD38-63083A2CF662}.Release|Win32.Build.0 = Release|Win32
		{EBA06A10-13EA-46D1-8B7F-C3D5308A47F9}.Debug|Win32.ActiveCfg = Debug|Win32
		{EBA06A10-13EA-46D1-8B7F-C3D5308A47F9}.Debug|Win32.Build.0 = Debug|Win32
		{EBA06A10-13EA-46D1-8B7F-C3D5308A47F9}.Release|Win32.ActiveCfg = Release|Win32
		{EBA06A10-13EA-46D1-8B7F-C3D5308A47F9}.Release|Win32.Build.0 = Release|Win32
		{45536B15-5178-4F81-B80C-8287B963F9D9}.Debug|Win32.ActiveCfg = Debug|Win32
		{45536B15-5178-4F81-B80C-8287B963F9D9}.Debug|Win32.Build.0 = Debug|Win32
		{45536B15-5178-4F81-B80C-8287B963F9D9}.Release|Win32.ActiveCfg = Release|Win32
		{45536B15-5178-4F81-B80C-8287B963F9D9}.Release|Win32.Build.0 = Release|Win32
		{474ACE1B-A818-4947-911C-B298CD7F6FBD}.Debug|Win32.ActiveCfg = Debug|Win32
		{474ACE1B-A818-4947-911C-B298CD7F6FBD}.Debug|Win32.Build.0 = Debug|Win32
		{474ACE1B-A818-4947-911C-B298CD7F6FBD}.Release|Win32.ActiveCfg = Release|Win32
		{474ACE1B-A818-4947-911C-B298CD7F6FBD}.Release|Win32.Build.0 = Release|Win32
		{5CCF0167-D23D-45B9-BCDA-F0B912470126}.Debug|Win32.ActiveCfg = Debug|Win32
		{5CCF0167-D23D-45B9-BCDA-F0B912470126}.Debug|Win32.Build.0 = Debug|Win32
		{5CCF0167-D23D-45B9-BCDA-F0B912470126}.Release|Win32.ActiveCfg = Release|Win32
		{5CCF0167-D23D-45B9-BCDA-F0B912470126}.Release|Win32.Build.0 = Release|Win32
		{5C976C38-2A50-49E9-B381-6952E683FBED}.Debug|Win32.ActiveCfg = Debug|Win32
		{5C976C38-2A50-49E9-B381-6952E683FBED}.Debug|Win32.Build.0 = Debug|Win32
		{5C976C38-2A50-49E9-B381-6952E683FBED}.Release|Win32.ActiveCfg = Release|Win32
		{5C976C38-2A50-49E9-B381-6952E683FBED}.Release|Win32.Build.0 = Release|Win32
		{F130A6B6-5E0A-4560-AE4A-E281DC538AC9}.Debug|Win32.ActiveCfg = Debug|Win32
		{F130A6B6-5E0A-4560-AE4A-E281DC538AC9}.Debug|Win32.Build.0 = Debug|Win32
		{F130A6B6-5E0A-4560-AE4A-E281DC538AC9}.Release|Win32.ActiveCfg = Release|Win32
		{F130A6B6-5E0A-4560-AE4A-E281DC538AC9}.Release|Win32.Build.0 = Release|Win32
		{64BDAD0B-0D0B-42D0-940E-3BCDA783C880}.Debug|Win32.ActiveCfg = Debug|Win32
		{64BDAD0B-0D0B-42D0-940E-3BCDA783C880}.Debug|Win32.Build.0 = Debug|Win32
		{64BDAD0B-0D0B-42D0-940E-3BCDA783C880}.Release|Win32.ActiveCfg = Release|Win32
		{64BDAD0B-0D0B-42D0-940E-3BCDA783C880}.Release|Win32.Build.0 = Release|Win32
		{66CED940-0111-4196-B921-27B146643F44}.Debug|Win32.ActiveCfg = Debug|Win32
		{66CED940-0111-4196-B921-27B146643F44}.Debug|Win32.Build.0 = Debug|Win32
		{66CED940-0111-4196-B921-27B146643F44}.Release|Win32.ActiveCfg = Release|Win32
		{66CED940-0111-4196-B921-27B146643F44}.Release|Win32.Build.0 = Release|Win32
		{8B6734FD-DCB8-43E3-B507-A2B9127DD055}.Debug|Win32.ActiveCfg = Debug|Win32
		{8B6734FD-DCB8-43E3-B507-A2B9127DD055}.Debug|Win32.Build.0 = Debug|Win32
		{8B6734FD-DCB8-43E3-B507-A2B9127DD055}.Release|Win32.ActiveCfg = Release|Win32
		{8B6734FD-DCB8-43E3-B507-A2B9127DD055}.Release|Win32.Build.0 = Release|Win32
		{D5835BCA-D0F1-45FF-81B6-147B9FC75123}.Debug|Win32.ActiveCfg = Debug|Win32
		{D5835BCA-D0F1-45FF-81B6-147B9FC75123}.Debug|Win32.Build.0 = Debug|Win32
		{D5835BCA-D0F1-45FF-81B6-147B9FC75123}.Release|Win32.ActiveCfg = Release|Win32
		{D5835BCA-D0F1-45FF-81B6-147B9FC75123}.Release|Win32.Build.0 = Release|Win32
		{11AA4900-467B-4F60-BC36-BB1EB6F91EC0}.Debug|Win32.ActiveCfg = Debug|Win32
		{11AA4900-467B-4F60-BC36-BB1EB6F91EC0}.Debug|Win32.Build.0 = Debug|Win32
		{11AA4900-467B-4F60-BC36-BB1EB6F91EC0}.Release|Win32.ActiveCfg = Release|Win32
		{11AA4900-467B-4F60-BC36-BB1EB6F91EC0}.Release|Win32.Build.0 = Release|Win32
		{93940E33-A1DE-4354-AF7A-995916693849}.Debug|Win32.ActiveCfg = Debug|Win32
		{93940E33-A1DE-4354-AF7A-995916693849}.Debug|Win32.Build.0 = Debug|Win32
		{93940E33-A1DE-4354-AF7A-995916693849}.Release|Win32.ActiveCfg = Release|Win32
		{93940E33-A1DE-4354-AF7A-995916693849}.Release|Win32.Build.0 = Release|Win32
		{498094C5-7A52-4EDA-8870-FF1F4D22CE62}.Debug|Win32.ActiveCfg = Debug|Win32
		{498094C5-7A52-4EDA-8870-FF1F4D22CE62}.Debug|Win32.Build.0 = Debug|Win32
		{498094C5-7A52-4EDA-8870-FF1F4D22CE62}.Release|Win32.ActiveCfg = Release|Win32
		{498094C5-7A52-4EDA-8870-FF1F4D22CE62}.Release|Win32.Build.0 = Release|Win32
		{3FAD81D2-0F42-4444-9BD6-9ADF10EBD38E}.Debug|Win32.ActiveCfg = Debug|Win32
		{3FAD81D2-0F42-4444-9BD6-9ADF10EBD38E}.Debug|Win32.Build.0 = Debug|Win32
		{3FAD81D2-0F42-4444-9BD6-9ADF10EBD38E}.Release|Win32.ActiveCfg = Release|Win32
		{3FAD81D2-0F42-4444-9BD6-9ADF10EBD38E}.Release|Win32.Build.0 = Release|Win32
		{5329DFD2-DAFB-4AED-BC1F-09393ACF8EAD}.Debug|Win32.ActiveCfg = Debug|Win32
		{5329DFD2-DAFB-4AED-BC1F-09393ACF8EAD}.Debug|Win32.Build.0 = Debug|Win32
		{5329DFD2-DAFB-4AED-BC1F-09393ACF8EAD}.Release|Win32.ActiveCfg = Release|Win32
		{5329DFD2-DAFB-4AED-BC1F-09393ACF8EAD}.Release|Win32.Build.0 = Release|Win32
		{874C2D1E-CCAB-4F68-8581-CB1B67D71587}.Debug|Win32.ActiveCfg = Debug|Win32
		{874C2D1E-CCAB-4F68-8581-CB1B67D71587}.Debug|Win32.Build.0 = Debug|Win32
		{874C2D1E-CCAB-4F68-8581-CB1B67D71587}.Release|Win32.ActiveCfg = Release|Win32
		{874C2D1E-CCAB-4F68-8581-CB1B67D71587}.Release|Win32.Build.0 = Release|Win32
		{83997EF6-02D6-4CDB-8B3C-DBCA3018CC72}.Debug|Win32.ActiveCfg = Debug|Win32
		{83997EF6-02D6-4CDB-8B3C-DBCA3018CC72}.Debug|Win32.Build.0 = Debug|Win32
		{83997EF6-02D6-4CDB-8B3C-DBCA3018CC72}.Release|Win32.ActiveCfg = Release|Win32
		{83997EF6-02D6-4CDB-8B3C-DBCA3018CC72}.Release|Win32.Build.0 = Release|Win32
	EndGlobalSection
	GlobalSection(SolutionProperties) = preSolution
		HideSolutionNode = FALSE
	EndGlobalSection
EndGlobal
