<?xml version="1.0" encoding="utf-8"?>
<Project ToolsVersion="4.0" xmlns="http://schemas.microsoft.com/developer/msbuild/2003">
  <ItemGroup>
    <Filter Include="Source Files">
      <UniqueIdentifier>{4FC737F1-C7A5-4376-A066-2A32D752A2FF}</UniqueIdentifier>
      <Extensions>cpp;c;cxx;def;odl;idl;hpj;bat;asm;asmx</Extensions>
    </Filter>
    <Filter Include="Header Files">
      <UniqueIdentifier>{93995380-89BD-4b04-88EB-625FBE52EBFB}</UniqueIdentifier>
      <Extensions>h;hpp;hxx;hm;inl;inc;xsd</Extensions>
    </Filter>
    <Filter Include="Resource Files">
      <UniqueIdentifier>{67DA6AB6-F800-4c08-8B7A-83BB121AAD01}</UniqueIdentifier>
      <Extensions>rc;ico;cur;bmp;dlg;rc2;rct;bin;rgs;gif;jpg;jpeg;jpe;resx</Extensions>
    </Filter>
  </ItemGroup>
  <ItemGroup>
    <ClCompile Include="..\sigc++\connection.cc">
      <Filter>Source Files</Filter>
    </ClCompile>
    <ClCompile Include="..\sigc++\adaptors\lambda\lambda.cc">
      <Filter>Source Files</Filter>
    </ClCompile>
    <ClCompile Include="..\sigc++\signal.cc">
      <Filter>Source Files</Filter>
    </ClCompile>
    <ClCompile Include="..\sigc++\signal_base.cc">
      <Filter>Source Files</Filter>
    </ClCompile>
    <ClCompile Include="..\sigc++\functors\slot.cc">
      <Filter>Source Files</Filter>
    </ClCompile>
    <ClCompile Include="..\sigc++\functors\slot_base.cc">
      <Filter>Source Files</Filter>
    </ClCompile>
    <ClCompile Include="..\sigc++\trackable.cc">
      <Filter>Source Files</Filter>
    </ClCompile>
  </ItemGroup>
  <ItemGroup>
    <ClInclude Include="..\sigc++\adaptors\adaptor_trait.h">
      <Filter>Header Files</Filter>
    </ClInclude>
    <ClInclude Include="..\sigc++\adaptors\adaptors.h">
      <Filter>Header Files</Filter>
    </ClInclude>
    <ClInclude Include="..\sigc++\adaptors\lambda\base.h">
      <Filter>Header Files</Filter>
    </ClInclude>
    <ClInclude Include="..\sigc++\bind.h">
      <Filter>Header Files</Filter>
    </ClInclude>
    <ClInclude Include="..\sigc++\adaptors\bind.h">
      <Filter>Header Files</Filter>
    </ClInclude>
    <ClInclude Include="..\sigc++\adaptors\bind_return.h">
      <Filter>Header Files</Filter>
    </ClInclude>
    <ClInclude Include="..\sigc++\bind_return.h">
      <Filter>Header Files</Filter>
    </ClInclude>
    <ClInclude Include="..\sigc++\class_slot.h">
      <Filter>Header Files</Filter>
    </ClInclude>
    <ClInclude Include="..\sigc++\compatibility.h">
      <Filter>Header Files</Filter>
    </ClInclude>
    <ClInclude Include="..\sigc++\adaptors\compose.h">
      <Filter>Header Files</Filter>
    </ClInclude>
    <ClInclude Include="..\sigc++\connection.h">
      <Filter>Header Files</Filter>
    </ClInclude>
    <ClInclude Include="..\sigc++\adaptors\deduce_result_type.h">
      <Filter>Header Files</Filter>
    </ClInclude>
    <ClInclude Include="..\sigc++\adaptors\exception_catch.h">
      <Filter>Header Files</Filter>
    </ClInclude>
    <ClInclude Include="..\sigc++\functors\functor_trait.h">
      <Filter>Header Files</Filter>
    </ClInclude>
    <ClInclude Include="..\sigc++\functors\functors.h">
      <Filter>Header Files</Filter>
    </ClInclude>
    <ClInclude Include="..\sigc++\adaptors\lambda\group.h">
      <Filter>Header Files</Filter>
    </ClInclude>
    <ClInclude Include="..\sigc++\hide.h">
      <Filter>Header Files</Filter>
    </ClInclude>
    <ClInclude Include="..\sigc++\adaptors\hide.h">
      <Filter>Header Files</Filter>
    </ClInclude>
    <ClInclude Include="..\sigc++\adaptors\lambda\lambda.h">
      <Filter>Header Files</Filter>
    </ClInclude>
    <ClInclude Include="..\sigc++\functors\mem_fun.h">
      <Filter>Header Files</Filter>
    </ClInclude>
    <ClInclude Include="..\sigc++\method_slot.h">
      <Filter>Header Files</Filter>
    </ClInclude>
    <ClInclude Include="..\sigc++\object.h">
      <Filter>Header Files</Filter>
    </ClInclude>
    <ClInclude Include="..\sigc++\object_slot.h">
      <Filter>Header Files</Filter>
    </ClInclude>
    <ClInclude Include="..\sigc++\adaptors\lambda\operator.h">
      <Filter>Header Files</Filter>
    </ClInclude>
    <ClInclude Include="..\sigc++\functors\ptr_fun.h">
      <Filter>Header Files</Filter>
    </ClInclude>
    <ClInclude Include="..\sigc++\reference_wrapper.h">
      <Filter>Header Files</Filter>
    </ClInclude>
    <ClInclude Include="resource.h">
      <Filter>Header Files</Filter>
    </ClInclude>
    <ClInclude Include="..\sigc++\adaptors\retype.h">
      <Filter>Header Files</Filter>
    </ClInclude>
    <ClInclude Include="..\sigc++\retype.h">
      <Filter>Header Files</Filter>
    </ClInclude>
    <ClInclude Include="..\sigc++\retype_return.h">
      <Filter>Header Files</Filter>
    </ClInclude>
    <ClInclude Include="..\sigc++\adaptors\retype_return.h">
      <Filter>Header Files</Filter>
    </ClInclude>
    <ClInclude Include="..\sigc++\adaptors\lambda\select.h">
      <Filter>Header Files</Filter>
    </ClInclude>
    <ClInclude Include="..\sigc++\sigc++.h">
      <Filter>Header Files</Filter>
    </ClInclude>
    <ClInclude Include="..\sigc++\signal.h">
      <Filter>Header Files</Filter>
    </ClInclude>
    <ClInclude Include="..\sigc++\signal_base.h">
      <Filter>Header Files</Filter>
    </ClInclude>
    <ClInclude Include="..\sigc++\functors\slot.h">
      <Filter>Header Files</Filter>
    </ClInclude>
    <ClInclude Include="..\sigc++\slot.h">
      <Filter>Header Files</Filter>
    </ClInclude>
    <ClInclude Include="..\sigc++\functors\slot_base.h">
      <Filter>Header Files</Filter>
    </ClInclude>
    <ClInclude Include="..\sigc++\trackable.h">
      <Filter>Header Files</Filter>
    </ClInclude>
    <ClInclude Include="..\sigc++\type_traits.h">
      <Filter>Header Files</Filter>
    </ClInclude>
    <ClInclude Include="..\sigc++\visit_each.h">
      <Filter>Header Files</Filter>
    </ClInclude>
  </ItemGroup>
  <ItemGroup>
    <ResourceCompile Include="sigc.rc">
      <Filter>Resource Files</Filter>
    </ResourceCompile>
  </ItemGroup>
</Project>